
Microsoft Visual Studio Solution File, Format Version 12.00
# Visual Studio Version 17
VisualStudioVersion = 17.8.34408.163
MinimumVisualStudioVersion = 10.0.40219.1
Project("{FAE04EC0-301F-11D3-BF4B-00C04F79EFBC}") = "VezbanjeC#PJ2", "VezbanjeC#PJ2\VezbanjeC#PJ2.csproj", "{11C619FA-8983-4D07-B5C4-026BD19498B4}"
EndProject
Global
	GlobalSection(SolutionConfigurationPlatforms) = preSolution
		Debug|Any CPU = Debug|Any CPU
		Release|Any CPU = Release|Any CPU
	EndGlobalSection
	GlobalSection(ProjectConfigurationPlatforms) = postSolution
		{11C619FA-8983-4D07-B5C4-026BD19498B4}.Debug|Any CPU.ActiveCfg = Debug|Any CPU
		{11C619FA-8983-4D07-B5C4-026BD19498B4}.Debug|Any CPU.Build.0 = Debug|Any CPU
		{11C619FA-8983-4D07-B5C4-026BD19498B4}.Release|Any CPU.ActiveCfg = Release|Any CPU
		{11C619FA-8983-4D07-B5C4-026BD19498B4}.Release|Any CPU.Build.0 = Release|Any CPU
	EndGlobalSection
	GlobalSection(SolutionProperties) = preSolution
		HideSolutionNode = FALSE
	EndGlobalSection
	GlobalSection(ExtensibilityGlobals) = postSolution
		SolutionGuid = {F618AAB8-AD77-4021-B4B6-C7AD0C63F6FF}
	EndGlobalSection
EndGlobal
