
Microsoft Visual Studio Solution File, Format Version 12.00
# Visual Studio Version 17
VisualStudioVersion = 17.4.33110.190
MinimumVisualStudioVersion = 10.0.40219.1
Project("{8BC9CEB8-8B4A-11D0-8D11-00A0C91BC942}") = "LabVezba1NR", "LabVezba1NR.vcxproj", "{B693DC81-92CC-41FF-B806-B1E9E7AF1FC6}"
EndProject
Project("{2150E333-8FDC-42A3-9474-1A3956D46DE8}") = "Solution Items", "Solution Items", "{22E53FB0-93A5-4596-8B7B-7FEFEE58E46F}"
EndProject
Global
	GlobalSection(SolutionConfigurationPlatforms) = preSolution
		Debug|x64 = Debug|x64
		Debug|x86 = Debug|x86
		Release|x64 = Release|x64
		Release|x86 = Release|x86
	EndGlobalSection
	GlobalSection(ProjectConfigurationPlatforms) = postSolution
		{B693DC81-92CC-41FF-B806-B1E9E7AF1FC6}.Debug|x64.ActiveCfg = Debug|x64
		{B693DC81-92CC-41FF-B806-B1E9E7AF1FC6}.Debug|x64.Build.0 = Debug|x64
		{B693DC81-92CC-41FF-B806-B1E9E7AF1FC6}.Debug|x86.ActiveCfg = Debug|Win32
		{B693DC81-92CC-41FF-B806-B1E9E7AF1FC6}.Debug|x86.Build.0 = Debug|Win32
		{B693DC81-92CC-41FF-B806-B1E9E7AF1FC6}.Release|x64.ActiveCfg = Release|x64
		{B693DC81-92CC-41FF-B806-B1E9E7AF1FC6}.Release|x64.Build.0 = Release|x64
		{B693DC81-92CC-41FF-B806-B1E9E7AF1FC6}.Release|x86.ActiveCfg = Release|Win32
		{B693DC81-92CC-41FF-B806-B1E9E7AF1FC6}.Release|x86.Build.0 = Release|Win32
	EndGlobalSection
	GlobalSection(SolutionProperties) = preSolution
		HideSolutionNode = FALSE
	EndGlobalSection
	GlobalSection(ExtensibilityGlobals) = postSolution
		SolutionGuid = {50E0504A-9694-4AD6-82EB-D783F97A94CD}
	EndGlobalSection
EndGlobal
