
Microsoft Visual Studio Solution File, Format Version 12.00
# Visual Studio Version 17
VisualStudioVersion = 17.8.34408.163
MinimumVisualStudioVersion = 10.0.40219.1
Project("{FAE04EC0-301F-11D3-BF4B-00C04F79EFBC}") = "VozaciLab", "VozaciLab\VozaciLab.csproj", "{4B5DB31F-F597-4AED-9278-35207A62D4D5}"
EndProject
Project("{FAE04EC0-301F-11D3-BF4B-00C04F79EFBC}") = "Funkcije", "Funkcije\Funkcije.csproj", "{333BD848-4731-4205-BA30-A0126B24045B}"
EndProject
Project("{FAE04EC0-301F-11D3-BF4B-00C04F79EFBC}") = "Podaci", "Podaci\Podaci.csproj", "{E2E89922-65BE-473A-A09A-7AEEE5B7E214}"
EndProject
Global
	GlobalSection(SolutionConfigurationPlatforms) = preSolution
		Debug|Any CPU = Debug|Any CPU
		Release|Any CPU = Release|Any CPU
	EndGlobalSection
	GlobalSection(ProjectConfigurationPlatforms) = postSolution
		{4B5DB31F-F597-4AED-9278-35207A62D4D5}.Debug|Any CPU.ActiveCfg = Debug|Any CPU
		{4B5DB31F-F597-4AED-9278-35207A62D4D5}.Debug|Any CPU.Build.0 = Debug|Any CPU
		{4B5DB31F-F597-4AED-9278-35207A62D4D5}.Release|Any CPU.ActiveCfg = Release|Any CPU
		{4B5DB31F-F597-4AED-9278-35207A62D4D5}.Release|Any CPU.Build.0 = Release|Any CPU
		{333BD848-4731-4205-BA30-A0126B24045B}.Debug|Any CPU.ActiveCfg = Debug|Any CPU
		{333BD848-4731-4205-BA30-A0126B24045B}.Debug|Any CPU.Build.0 = Debug|Any CPU
		{333BD848-4731-4205-BA30-A0126B24045B}.Release|Any CPU.ActiveCfg = Release|Any CPU
		{333BD848-4731-4205-BA30-A0126B24045B}.Release|Any CPU.Build.0 = Release|Any CPU
		{E2E89922-65BE-473A-A09A-7AEEE5B7E214}.Debug|Any CPU.ActiveCfg = Debug|Any CPU
		{E2E89922-65BE-473A-A09A-7AEEE5B7E214}.Debug|Any CPU.Build.0 = Debug|Any CPU
		{E2E89922-65BE-473A-A09A-7AEEE5B7E214}.Release|Any CPU.ActiveCfg = Release|Any CPU
		{E2E89922-65BE-473A-A09A-7AEEE5B7E214}.Release|Any CPU.Build.0 = Release|Any CPU
	EndGlobalSection
	GlobalSection(SolutionProperties) = preSolution
		HideSolutionNode = FALSE
	EndGlobalSection
	GlobalSection(ExtensibilityGlobals) = postSolution
		SolutionGuid = {EC4658C2-A632-43D7-A2AE-0C6299C0E722}
	EndGlobalSection
EndGlobal
