
Microsoft Visual Studio Solution File, Format Version 12.00
# Visual Studio Version 17
VisualStudioVersion = 17.8.34408.163
MinimumVisualStudioVersion = 10.0.40219.1
Project("{FAE04EC0-301F-11D3-BF4B-00C04F79EFBC}") = "OOPCalculator", "OOPCalculator\OOPCalculator.csproj", "{A8DD8D08-C050-4AFF-99A1-9E718CCC5E75}"
EndProject
Global
	GlobalSection(SolutionConfigurationPlatforms) = preSolution
		Debug|Any CPU = Debug|Any CPU
		Release|Any CPU = Release|Any CPU
	EndGlobalSection
	GlobalSection(ProjectConfigurationPlatforms) = postSolution
		{A8DD8D08-C050-4AFF-99A1-9E718CCC5E75}.Debug|Any CPU.ActiveCfg = Debug|Any CPU
		{A8DD8D08-C050-4AFF-99A1-9E718CCC5E75}.Debug|Any CPU.Build.0 = Debug|Any CPU
		{A8DD8D08-C050-4AFF-99A1-9E718CCC5E75}.Release|Any CPU.ActiveCfg = Release|Any CPU
		{A8DD8D08-C050-4AFF-99A1-9E718CCC5E75}.Release|Any CPU.Build.0 = Release|Any CPU
	EndGlobalSection
	GlobalSection(SolutionProperties) = preSolution
		HideSolutionNode = FALSE
	EndGlobalSection
	GlobalSection(ExtensibilityGlobals) = postSolution
		SolutionGuid = {E8E342B5-44C6-495F-8AFF-8CBBFA4C11A4}
	EndGlobalSection
EndGlobal
